
Microsoft Visual Studio Solution File, Format Version 12.00
# Visual Studio Version 16
VisualStudioVersion = 16.0.31624.102
MinimumVisualStudioVersion = 10.0.40219.1
Project("{FAE04EC0-301F-11D3-BF4B-00C04F79EFBC}") = "TemplateMod", "TemplateMod\TemplateMod.csproj", "{E6D80301-0102-467E-A350-5D24966A7C9A}"
EndProject
Project("{2150E333-8FDC-42A3-9474-1A3956D46DE8}") = "Solution Items", "Solution Items", "{D70136C1-9EF7-43B8-B1AF-704847E0E827}"
EndProject
Project("{FAE04EC0-301F-11D3-BF4B-00C04F79EFBC}") = "TemplateModWizard", "TemplateModWizard\TemplateModWizard.csproj", "{C33FF57A-4876-4C6E-8F80-7C4AF4D79709}"
EndProject
Global
	GlobalSection(SolutionConfigurationPlatforms) = preSolution
		Debug|Any CPU = Debug|Any CPU
		Release|Any CPU = Release|Any CPU
	EndGlobalSection
	GlobalSection(ProjectConfigurationPlatforms) = postSolution
		{E6D80301-0102-467E-A350-5D24966A7C9A}.Debug|Any CPU.ActiveCfg = Debug|Any CPU
		{E6D80301-0102-467E-A350-5D24966A7C9A}.Debug|Any CPU.Build.0 = Debug|Any CPU
		{E6D80301-0102-467E-A350-5D24966A7C9A}.Release|Any CPU.ActiveCfg = Release|Any CPU
		{E6D80301-0102-467E-A350-5D24966A7C9A}.Release|Any CPU.Build.0 = Release|Any CPU
		{C33FF57A-4876-4C6E-8F80-7C4AF4D79709}.Debug|Any CPU.ActiveCfg = Debug|Any CPU
		{C33FF57A-4876-4C6E-8F80-7C4AF4D79709}.Debug|Any CPU.Build.0 = Debug|Any CPU
		{C33FF57A-4876-4C6E-8F80-7C4AF4D79709}.Release|Any CPU.ActiveCfg = Release|Any CPU
		{C33FF57A-4876-4C6E-8F80-7C4AF4D79709}.Release|Any CPU.Build.0 = Release|Any CPU
	EndGlobalSection
	GlobalSection(SolutionProperties) = preSolution
		HideSolutionNode = FALSE
	EndGlobalSection
	GlobalSection(ExtensibilityGlobals) = postSolution
		SolutionGuid = {3E72A84A-89C9-40EB-B4E7-25F663D849B6}
	EndGlobalSection
EndGlobal
